// !$*UTF8*$!
{
	archiveVersion = 1;
	classes = {
	};
	objectVersion = 52;
	objects = {

/* Begin PBXBuildFile section */
		0100624D237BF79E001B30F2 /* StoryHeader.swift in Sources */ = {isa = PBXBuildFile; fileRef = 0100624C237BF79E001B30F2 /* StoryHeader.swift */; };
		01E770F42370655E003CFA33 /* AppDelegate.swift in Sources */ = {isa = PBXBuildFile; fileRef = 01E770F32370655E003CFA33 /* AppDelegate.swift */; };
		01E770F62370655E003CFA33 /* SceneDelegate.swift in Sources */ = {isa = PBXBuildFile; fileRef = 01E770F52370655E003CFA33 /* SceneDelegate.swift */; };
		01E770F82370655E003CFA33 /* ContentView.swift in Sources */ = {isa = PBXBuildFile; fileRef = 01E770F72370655E003CFA33 /* ContentView.swift */; };
		01E770FA2370655E003CFA33 /* Assets.xcassets in Resources */ = {isa = PBXBuildFile; fileRef = 01E770F92370655E003CFA33 /* Assets.xcassets */; };
		01E770FD2370655E003CFA33 /* Preview Assets.xcassets in Resources */ = {isa = PBXBuildFile; fileRef = 01E770FC2370655E003CFA33 /* Preview Assets.xcassets */; };
		01E771002370655E003CFA33 /* LaunchScreen.storyboard in Resources */ = {isa = PBXBuildFile; fileRef = 01E770FE2370655E003CFA33 /* LaunchScreen.storyboard */; };
		01E77108237065CD003CFA33 /* MainController.swift in Sources */ = {isa = PBXBuildFile; fileRef = 01E77107237065CD003CFA33 /* MainController.swift */; };
		01E7710B23706AD3003CFA33 /* LBTATools in Frameworks */ = {isa = PBXBuildFile; productRef = 01E7710A23706AD3003CFA33 /* LBTATools */; };
		01E7710E237074F2003CFA33 /* PostCell.swift in Sources */ = {isa = PBXBuildFile; fileRef = 01E7710D237074F2003CFA33 /* PostCell.swift */; };
		01E7711123707A0F003CFA33 /* PhotosGridController.swift in Sources */ = {isa = PBXBuildFile; fileRef = 01E7711023707A0F003CFA33 /* PhotosGridController.swift */; };
		01E7711323708AA1003CFA33 /* PhotoGridCell.swift in Sources */ = {isa = PBXBuildFile; fileRef = 01E7711223708AA1003CFA33 /* PhotoGridCell.swift */; };
/* End PBXBuildFile section */

/* Begin PBXFileReference section */
		0100624C237BF79E001B30F2 /* StoryHeader.swift */ = {isa = PBXFileReference; lastKnownFileType = sourcecode.swift; path = StoryHeader.swift; sourceTree = "<group>"; };
		01E770F02370655E003CFA33 /* Facebook2019-SwiftUI.app */ = {isa = PBXFileReference; explicitFileType = wrapper.application; includeInIndex = 0; path = "Facebook2019-SwiftUI.app"; sourceTree = BUILT_PRODUCTS_DIR; };
		01E770F32370655E003CFA33 /* AppDelegate.swift */ = {isa = PBXFileReference; lastKnownFileType = sourcecode.swift; path = AppDelegate.swift; sourceTree = "<group>"; };
		01E770F52370655E003CFA33 /* SceneDelegate.swift */ = {isa = PBXFileReference; lastKnownFileType = sourcecode.swift; path = SceneDelegate.swift; sourceTree = "<group>"; };
		01E770F72370655E003CFA33 /* ContentView.swift */ = {isa = PBXFileReference; lastKnownFileType = sourcecode.swift; path = ContentView.swift; sourceTree = "<group>"; };
		01E770F92370655E003CFA33 /* Assets.xcassets */ = {isa = PBXFileReference; lastKnownFileType = folder.assetcatalog; path = Assets.xcassets; sourceTree = "<group>"; };
		01E770FC2370655E003CFA33 /* Preview Assets.xcassets */ = {isa = PBXFileReference; lastKnownFileType = folder.assetcatalog; path = "Preview Assets.xcassets"; sourceTree = "<group>"; };
		01E770FF2370655E003CFA33 /* Base */ = {isa = PBXFileReference; lastKnownFileType = file.storyboard; name = Base; path = Base.lproj/LaunchScreen.storyboard; sourceTree = "<group>"; };
		01E771012370655E003CFA33 /* Info.plist */ = {isa = PBXFileReference; lastKnownFileType = text.plist.xml; path = Info.plist; sourceTree = "<group>"; };
		01E77107237065CD003CFA33 /* MainController.swift */ = {isa = PBXFileReference; lastKnownFileType = sourcecode.swift; path = MainController.swift; sourceTree = "<group>"; };
		01E7710D237074F2003CFA33 /* PostCell.swift */ = {isa = PBXFileReference; lastKnownFileType = sourcecode.swift; path = PostCell.swift; sourceTree = "<group>"; };
		01E7711023707A0F003CFA33 /* PhotosGridController.swift */ = {isa = PBXFileReference; lastKnownFileType = sourcecode.swift; path = PhotosGridController.swift; sourceTree = "<group>"; };
		01E7711223708AA1003CFA33 /* PhotoGridCell.swift */ = {isa = PBXFileReference; lastKnownFileType = sourcecode.swift; path = PhotoGridCell.swift; sourceTree = "<group>"; };
/* End PBXFileReference section */

/* Begin PBXFrameworksBuildPhase section */
		01E770ED2370655E003CFA33 /* Frameworks */ = {
			isa = PBXFrameworksBuildPhase;
			buildActionMask = 2147483647;
			files = (
				01E7710B23706AD3003CFA33 /* LBTATools in Frameworks */,
			);
			runOnlyForDeploymentPostprocessing = 0;
		};
/* End PBXFrameworksBuildPhase section */

/* Begin PBXGroup section */
		01E770E72370655E003CFA33 = {
			isa = PBXGroup;
			children = (
				01E770F22370655E003CFA33 /* Facebook2019-SwiftUI */,
				01E770F12370655E003CFA33 /* Products */,
			);
			sourceTree = "<group>";
		};
		01E770F12370655E003CFA33 /* Products */ = {
			isa = PBXGroup;
			children = (
				01E770F02370655E003CFA33 /* Facebook2019-SwiftUI.app */,
			);
			name = Products;
			sourceTree = "<group>";
		};
		01E770F22370655E003CFA33 /* Facebook2019-SwiftUI */ = {
			isa = PBXGroup;
			children = (
				01E770F32370655E003CFA33 /* AppDelegate.swift */,
				01E770F52370655E003CFA33 /* SceneDelegate.swift */,
				01E770F72370655E003CFA33 /* ContentView.swift */,
				01E7710C237074D2003CFA33 /* Models */,
				01E7710F237074FF003CFA33 /* Controllers */,
				01E770F92370655E003CFA33 /* Assets.xcassets */,
				01E770FE2370655E003CFA33 /* LaunchScreen.storyboard */,
				01E771012370655E003CFA33 /* Info.plist */,
				01E770FB2370655E003CFA33 /* Preview Content */,
			);
			path = "Facebook2019-SwiftUI";
			sourceTree = "<group>";
		};
		01E770FB2370655E003CFA33 /* Preview Content */ = {
			isa = PBXGroup;
			children = (
				01E770FC2370655E003CFA33 /* Preview Assets.xcassets */,
			);
			path = "Preview Content";
			sourceTree = "<group>";
		};
		01E7710C237074D2003CFA33 /* Models */ = {
			isa = PBXGroup;
			children = (
				01E7710D237074F2003CFA33 /* PostCell.swift */,
				01E7711223708AA1003CFA33 /* PhotoGridCell.swift */,
				0100624C237BF79E001B30F2 /* StoryHeader.swift */,
			);
			path = Models;
			sourceTree = "<group>";
		};
		01E7710F237074FF003CFA33 /* Controllers */ = {
			isa = PBXGroup;
			children = (
				01E77107237065CD003CFA33 /* MainController.swift */,
				01E7711023707A0F003CFA33 /* PhotosGridController.swift */,
			);
			path = Controllers;
			sourceTree = "<group>";
		};
/* End PBXGroup section */

/* Begin PBXNativeTarget section */
		01E770EF2370655E003CFA33 /* Facebook2019-SwiftUI */ = {
			isa = PBXNativeTarget;
			buildConfigurationList = 01E771042370655E003CFA33 /* Build configuration list for PBXNativeTarget "Facebook2019-SwiftUI" */;
			buildPhases = (
				01E770EC2370655E003CFA33 /* Sources */,
				01E770ED2370655E003CFA33 /* Frameworks */,
				01E770EE2370655E003CFA33 /* Resources */,
			);
			buildRules = (
			);
			dependencies = (
			);
			name = "Facebook2019-SwiftUI";
			packageProductDependencies = (
				01E7710A23706AD3003CFA33 /* LBTATools */,
			);
			productName = "Facebook2019-SwiftUI";
			productReference = 01E770F02370655E003CFA33 /* Facebook2019-SwiftUI.app */;
			productType = "com.apple.product-type.application";
		};
/* End PBXNativeTarget section */

/* Begin PBXProject section */
		01E770E82370655E003CFA33 /* Project object */ = {
			isa = PBXProject;
			attributes = {
				LastSwiftUpdateCheck = 1120;
				LastUpgradeCheck = 1120;
				ORGANIZATIONNAME = "Yassine Daoudi";
				TargetAttributes = {
					01E770EF2370655E003CFA33 = {
						CreatedOnToolsVersion = 11.2;
					};
				};
			};
			buildConfigurationList = 01E770EB2370655E003CFA33 /* Build configuration list for PBXProject "Facebook2019-SwiftUI" */;
			compatibilityVersion = "Xcode 9.3";
			developmentRegion = en;
			hasScannedForEncodings = 0;
			knownRegions = (
				en,
				Base,
			);
			mainGroup = 01E770E72370655E003CFA33;
			packageReferences = (
				01E7710923706AD3003CFA33 /* XCRemoteSwiftPackageReference "LBTATools" */,
			);
			productRefGroup = 01E770F12370655E003CFA33 /* Products */;
			projectDirPath = "";
			projectRoot = "";
			targets = (
				01E770EF2370655E003CFA33 /* Facebook2019-SwiftUI */,
			);
		};
/* End PBXProject section */

/* Begin PBXResourcesBuildPhase section */
		01E770EE2370655E003CFA33 /* Resources */ = {
			isa = PBXResourcesBuildPhase;
			buildActionMask = 2147483647;
			files = (
				01E771002370655E003CFA33 /* LaunchScreen.storyboard in Resources */,
				01E770FD2370655E003CFA33 /* Preview Assets.xcassets in Resources */,
				01E770FA2370655E003CFA33 /* Assets.xcassets in Resources */,
			);
			runOnlyForDeploymentPostprocessing = 0;
		};
/* End PBXResourcesBuildPhase section */

/* Begin PBXSourcesBuildPhase section */
		01E770EC2370655E003CFA33 /* Sources */ = {
			isa = PBXSourcesBuildPhase;
			buildActionMask = 2147483647;
			files = (
				01E7711123707A0F003CFA33 /* PhotosGridController.swift in Sources */,
				01E7711323708AA1003CFA33 /* PhotoGridCell.swift in Sources */,
				01E77108237065CD003CFA33 /* MainController.swift in Sources */,
				01E770F42370655E003CFA33 /* AppDelegate.swift in Sources */,
				01E770F62370655E003CFA33 /* SceneDelegate.swift in Sources */,
				01E770F82370655E003CFA33 /* ContentView.swift in Sources */,
				0100624D237BF79E001B30F2 /* StoryHeader.swift in Sources */,
				01E7710E237074F2003CFA33 /* PostCell.swift in Sources */,
			);
			runOnlyForDeploymentPostprocessing = 0;
		};
/* End PBXSourcesBuildPhase section */

/* Begin PBXVariantGroup section */
		01E770FE2370655E003CFA33 /* LaunchScreen.storyboard */ = {
			isa = PBXVariantGroup;
			children = (
				01E770FF2370655E003CFA33 /* Base */,
			);
			name = LaunchScreen.storyboard;
			sourceTree = "<group>";
		};
/* End PBXVariantGroup section */

/* Begin XCBuildConfiguration section */
		01E771022370655E003CFA33 /* Debug */ = {
			isa = XCBuildConfiguration;
			buildSettings = {
				ALWAYS_SEARCH_USER_PATHS = NO;
				CLANG_ANALYZER_NONNULL = YES;
				CLANG_ANALYZER_NUMBER_OBJECT_CONVERSION = YES_AGGRESSIVE;
				CLANG_CXX_LANGUAGE_STANDARD = "gnu++14";
				CLANG_CXX_LIBRARY = "libc++";
				CLANG_ENABLE_MODULES = YES;
				CLANG_ENABLE_OBJC_ARC = YES;
				CLANG_ENABLE_OBJC_WEAK = YES;
				CLANG_WARN_BLOCK_CAPTURE_AUTORELEASING = YES;
				CLANG_WARN_BOOL_CONVERSION = YES;
				CLANG_WARN_COMMA = YES;
				CLANG_WARN_CONSTANT_CONVERSION = YES;
				CLANG_WARN_DEPRECATED_OBJC_IMPLEMENTATIONS = YES;
				CLANG_WARN_DIRECT_OBJC_ISA_USAGE = YES_ERROR;
				CLANG_WARN_DOCUMENTATION_COMMENTS = YES;
				CLANG_WARN_EMPTY_BODY = YES;
				CLANG_WARN_ENUM_CONVERSION = YES;
				CLANG_WARN_INFINITE_RECURSION = YES;
				CLANG_WARN_INT_CONVERSION = YES;
				CLANG_WARN_NON_LITERAL_NULL_CONVERSION = YES;
				CLANG_WARN_OBJC_IMPLICIT_RETAIN_SELF = YES;
				CLANG_WARN_OBJC_LITERAL_CONVERSION = YES;
				CLANG_WARN_OBJC_ROOT_CLASS = YES_ERROR;
				CLANG_WARN_RANGE_LOOP_ANALYSIS = YES;
				CLANG_WARN_STRICT_PROTOTYPES = YES;
				CLANG_WARN_SUSPICIOUS_MOVE = YES;
				CLANG_WARN_UNGUARDED_AVAILABILITY = YES_AGGRESSIVE;
				CLANG_WARN_UNREACHABLE_CODE = YES;
				CLANG_WARN__DUPLICATE_METHOD_MATCH = YES;
				COPY_PHASE_STRIP = NO;
				DEBUG_INFORMATION_FORMAT = dwarf;
				ENABLE_STRICT_OBJC_MSGSEND = YES;
				ENABLE_TESTABILITY = YES;
				GCC_C_LANGUAGE_STANDARD = gnu11;
				GCC_DYNAMIC_NO_PIC = NO;
				GCC_NO_COMMON_BLOCKS = YES;
				GCC_OPTIMIZATION_LEVEL = 0;
				GCC_PREPROCESSOR_DEFINITIONS = (
					"DEBUG=1",
					"$(inherited)",
				);
				GCC_WARN_64_TO_32_BIT_CONVERSION = YES;
				GCC_WARN_ABOUT_RETURN_TYPE = YES_ERROR;
				GCC_WARN_UNDECLARED_SELECTOR = YES;
				GCC_WARN_UNINITIALIZED_AUTOS = YES_AGGRESSIVE;
				GCC_WARN_UNUSED_FUNCTION = YES;
				GCC_WARN_UNUSED_VARIABLE = YES;
				IPHONEOS_DEPLOYMENT_TARGET = 13.2;
				MTL_ENABLE_DEBUG_INFO = INCLUDE_SOURCE;
				MTL_FAST_MATH = YES;
				ONLY_ACTIVE_ARCH = YES;
				SDKROOT = iphoneos;
				SWIFT_ACTIVE_COMPILATION_CONDITIONS = DEBUG;
				SWIFT_OPTIMIZATION_LEVEL = "-Onone";
			};
			name = Debug;
		};
		01E771032370655E003CFA33 /* Release */ = {
			isa = XCBuildConfiguration;
			buildSettings = {
				ALWAYS_SEARCH_USER_PATHS = NO;
				CLANG_ANALYZER_NONNULL = YES;
				CLANG_ANALYZER_NUMBER_OBJECT_CONVERSION = YES_AGGRESSIVE;
				CLANG_CXX_LANGUAGE_STANDARD = "gnu++14";
				CLANG_CXX_LIBRARY = "libc++";
				CLANG_ENABLE_MODULES = YES;
				CLANG_ENABLE_OBJC_ARC = YES;
				CLANG_ENABLE_OBJC_WEAK = YES;
				CLANG_WARN_BLOCK_CAPTURE_AUTORELEASING = YES;
				CLANG_WARN_BOOL_CONVERSION = YES;
				CLANG_WARN_COMMA = YES;
				CLANG_WARN_CONSTANT_CONVERSION = YES;
				CLANG_WARN_DEPRECATED_OBJC_IMPLEMENTATIONS = YES;
				CLANG_WARN_DIRECT_OBJC_ISA_USAGE = YES_ERROR;
				CLANG_WARN_DOCUMENTATION_COMMENTS = YES;
				CLANG_WARN_EMPTY_BODY = YES;
				CLANG_WARN_ENUM_CONVERSION = YES;
				CLANG_WARN_INFINITE_RECURSION = YES;
				CLANG_WARN_INT_CONVERSION = YES;
				CLANG_WARN_NON_LITERAL_NULL_CONVERSION = YES;
				CLANG_WARN_OBJC_IMPLICIT_RETAIN_SELF = YES;
				CLANG_WARN_OBJC_LITERAL_CONVERSION = YES;
				CLANG_WARN_OBJC_ROOT_CLASS = YES_ERROR;
				CLANG_WARN_RANGE_LOOP_ANALYSIS = YES;
				CLANG_WARN_STRICT_PROTOTYPES = YES;
				CLANG_WARN_SUSPICIOUS_MOVE = YES;
				CLANG_WARN_UNGUARDED_AVAILABILITY = YES_AGGRESSIVE;
				CLANG_WARN_UNREACHABLE_CODE = YES;
				CLANG_WARN__DUPLICATE_METHOD_MATCH = YES;
				COPY_PHASE_STRIP = NO;
				DEBUG_INFORMATION_FORMAT = "dwarf-with-dsym";
				ENABLE_NS_ASSERTIONS = NO;
				ENABLE_STRICT_OBJC_MSGSEND = YES;
				GCC_C_LANGUAGE_STANDARD = gnu11;
				GCC_NO_COMMON_BLOCKS = YES;
				GCC_WARN_64_TO_32_BIT_CONVERSION = YES;
				GCC_WARN_ABOUT_RETURN_TYPE = YES_ERROR;
				GCC_WARN_UNDECLARED_SELECTOR = YES;
				GCC_WARN_UNINITIALIZED_AUTOS = YES_AGGRESSIVE;
				GCC_WARN_UNUSED_FUNCTION = YES;
				GCC_WARN_UNUSED_VARIABLE = YES;
				IPHONEOS_DEPLOYMENT_TARGET = 13.2;
				MTL_ENABLE_DEBUG_INFO = NO;
				MTL_FAST_MATH = YES;
				SDKROOT = iphoneos;
				SWIFT_COMPILATION_MODE = wholemodule;
				SWIFT_OPTIMIZATION_LEVEL = "-O";
				VALIDATE_PRODUCT = YES;
			};
			name = Release;
		};
		01E771052370655E003CFA33 /* Debug */ = {
			isa = XCBuildConfiguration;
			buildSettings = {
				ASSETCATALOG_COMPILER_APPICON_NAME = AppIcon;
				CODE_SIGN_STYLE = Automatic;
				DEVELOPMENT_ASSET_PATHS = "\"Facebook2019-SwiftUI/Preview Content\"";
				DEVELOPMENT_TEAM = R5Q22DTY4G;
				ENABLE_PREVIEWS = YES;
				INFOPLIST_FILE = "Facebook2019-SwiftUI/Info.plist";
				LD_RUNPATH_SEARCH_PATHS = (
					"$(inherited)",
					"@executable_path/Frameworks",
				);
				PRODUCT_BUNDLE_IDENTIFIER = "com.YassineDaoudi.Facebook2019-SwiftUI";
				PRODUCT_NAME = "$(TARGET_NAME)";
				SWIFT_VERSION = 5.0;
				TARGETED_DEVICE_FAMILY = "1,2";
			};
			name = Debug;
		};
		01E771062370655E003CFA33 /* Release */ = {
			isa = XCBuildConfiguration;
			buildSettings = {
				ASSETCATALOG_COMPILER_APPICON_NAME = AppIcon;
				CODE_SIGN_STYLE = Automatic;
				DEVELOPMENT_ASSET_PATHS = "\"Facebook2019-SwiftUI/Preview Content\"";
				DEVELOPMENT_TEAM = R5Q22DTY4G;
				ENABLE_PREVIEWS = YES;
				INFOPLIST_FILE = "Facebook2019-SwiftUI/Info.plist";
				LD_RUNPATH_SEARCH_PATHS = (
					"$(inherited)",
					"@executable_path/Frameworks",
				);
				PRODUCT_BUNDLE_IDENTIFIER = "com.YassineDaoudi.Facebook2019-SwiftUI";
				PRODUCT_NAME = "$(TARGET_NAME)";
				SWIFT_VERSION = 5.0;
				TARGETED_DEVICE_FAMILY = "1,2";
			};
			name = Release;
		};
/* End XCBuildConfiguration section */

/* Begin XCConfigurationList section */
		01E770EB2370655E003CFA33 /* Build configuration list for PBXProject "Facebook2019-SwiftUI" */ = {
			isa = XCConfigurationList;
			buildConfigurations = (
				01E771022370655E003CFA33 /* Debug */,
				01E771032370655E003CFA33 /* Release */,
			);
			defaultConfigurationIsVisible = 0;
			defaultConfigurationName = Release;
		};
		01E771042370655E003CFA33 /* Build configuration list for PBXNativeTarget "Facebook2019-SwiftUI" */ = {
			isa = XCConfigurationList;
			buildConfigurations = (
				01E771052370655E003CFA33 /* Debug */,
				01E771062370655E003CFA33 /* Release */,
			);
			defaultConfigurationIsVisible = 0;
			defaultConfigurationName = Release;
		};
/* End XCConfigurationList section */

/* Begin XCRemoteSwiftPackageReference section */
		01E7710923706AD3003CFA33 /* XCRemoteSwiftPackageReference "LBTATools" */ = {
			isa = XCRemoteSwiftPackageReference;
			repositoryURL = "https://github.com/bhlvoong/LBTATools.git";
			requirement = {
				kind = upToNextMajorVersion;
				minimumVersion = 1.0.12;
			};
		};
/* End XCRemoteSwiftPackageReference section */

/* Begin XCSwiftPackageProductDependency section */
		01E7710A23706AD3003CFA33 /* LBTATools */ = {
			isa = XCSwiftPackageProductDependency;
			package = 01E7710923706AD3003CFA33 /* XCRemoteSwiftPackageReference "LBTATools" */;
			productName = LBTATools;
		};
/* End XCSwiftPackageProductDependency section */
	};
	rootObject = 01E770E82370655E003CFA33 /* Project object */;
}
